PODS:
  - Reusable (4.1.0):
    - Reusable/Storyboard (= 4.1.0)
    - Reusable/View (= 4.1.0)
  - Reusable/Storyboard (4.1.0)
  - Reusable/View (4.1.0)
  - RxCocoa (5.0.1):
    - RxRelay (~> 5)
    - RxSwift (~> 5)
  - RxFlow (2.7.0):
    - RxCocoa (>= 5.0.0)
    - RxSwift (>= 5.0.0)
  - RxRelay (5.0.1):
    - RxSwift (~> 5)
  - RxSwift (5.0.1)

DEPENDENCIES:
  - Reusable
  - RxCocoa
  - RxFlow
  - RxRelay
  - RxSwift

SPEC REPOS:
  trunk:
    - Reusable
    - RxCocoa
    - RxFlow
    - RxRelay
    - RxSwift

SPEC CHECKSUMS:
  Reusable: 82be188f29d96dc5eff0db7b2393bcc08d2cdd5b
  RxCocoa: e741b9749968e8a143e2b787f1dfbff2b63d0a5c
  RxFlow: 605ef6364d7e937bea8f9507a1e99a431cdc2493
  RxRelay: 89d54507f4fd4d969e6ec1d4bd7f3673640b4640
  RxSwift: e2dc62b366a3adf6a0be44ba9f405efd4c94e0c4

PODFILE CHECKSUM: 50b12d8cd00071a7a6e366457c0adefd27a2d345

COCOAPODS: 1.8.4
